// !$*UTF8*$!
{
	archiveVersion = 1;
	classes = {
	};
	objectVersion = 56;
	objects = {

/* Begin PBXBuildFile section */
		BB0AF6CF2BBEB3B200EBBC55 /* AppDelegate.swift in Sources */ = {isa = PBXBuildFile; fileRef = BB0AF6CE2BBEB3B200EBBC55 /* AppDelegate.swift */; };
		BB0AF6D12BBEB3B200EBBC55 /* SceneDelegate.swift in Sources */ = {isa = PBXBuildFile; fileRef = BB0AF6D02BBEB3B200EBBC55 /* SceneDelegate.swift */; };
		BB0AF6D32BBEB3B200EBBC55 /* ViewController.swift in Sources */ = {isa = PBXBuildFile; fileRef = BB0AF6D22BBEB3B200EBBC55 /* ViewController.swift */; };
		BB0AF6D62BBEB3B200EBBC55 /* Main.storyboard in Resources */ = {isa = PBXBuildFile; fileRef = BB0AF6D42BBEB3B200EBBC55 /* Main.storyboard */; };
		BB0AF6D82BBEB3B300EBBC55 /* Assets.xcassets in Resources */ = {isa = PBXBuildFile; fileRef = BB0AF6D72BBEB3B300EBBC55 /* Assets.xcassets */; };
		BB0AF6DB2BBEB3B300EBBC55 /* LaunchScreen.storyboard in Resources */ = {isa = PBXBuildFile; fileRef = BB0AF6D92BBEB3B300EBBC55 /* LaunchScreen.storyboard */; };
		BB0AF6E62BBEB3B400EBBC55 /* exam02Se03Tests.swift in Sources */ = {isa = PBXBuildFile; fileRef = BB0AF6E52BBEB3B400EBBC55 /* exam02Se03Tests.swift */; };
		BB0AF6F02BBEB3B400EBBC55 /* exam02Se03UITests.swift in Sources */ = {isa = PBXBuildFile; fileRef = BB0AF6EF2BBEB3B400EBBC55 /* exam02Se03UITests.swift */; };
		BB0AF6F22BBEB3B400EBBC55 /* exam02Se03UITestsLaunchTests.swift in Sources */ = {isa = PBXBuildFile; fileRef = BB0AF6F12BBEB3B400EBBC55 /* exam02Se03UITestsLaunchTests.swift */; };
		BB0AF6FF2BBEBC7800EBBC55 /* HomeVC.swift in Sources */ = {isa = PBXBuildFile; fileRef = BB0AF6FE2BBEBC7800EBBC55 /* HomeVC.swift */; };
		BB0AF7012BBEBC8F00EBBC55 /* ActionItemsTableVC.swift in Sources */ = {isa = PBXBuildFile; fileRef = BB0AF7002BBEBC8F00EBBC55 /* ActionItemsTableVC.swift */; };
		BB0AF7032BBEBCFC00EBBC55 /* Model.swift in Sources */ = {isa = PBXBuildFile; fileRef = BB0AF7022BBEBCFC00EBBC55 /* Model.swift */; };
		BB0AF7052BBEC3C700EBBC55 /* ActionCell.swift in Sources */ = {isa = PBXBuildFile; fileRef = BB0AF7042BBEC3C700EBBC55 /* ActionCell.swift */; };
/* End PBXBuildFile section */

/* Begin PBXContainerItemProxy section */
		BB0AF6E22BBEB3B400EBBC55 /* PBXContainerItemProxy */ = {
			isa = PBXContainerItemProxy;
			containerPortal = BB0AF6C32BBEB3B200EBBC55 /* Project object */;
			proxyType = 1;
			remoteGlobalIDString = BB0AF6CA2BBEB3B200EBBC55;
			remoteInfo = exam02Se03;
		};
		BB0AF6EC2BBEB3B400EBBC55 /* PBXContainerItemProxy */ = {
			isa = PBXContainerItemProxy;
			containerPortal = BB0AF6C32BBEB3B200EBBC55 /* Project object */;
			proxyType = 1;
			remoteGlobalIDString = BB0AF6CA2BBEB3B200EBBC55;
			remoteInfo = exam02Se03;
		};
/* End PBXContainerItemProxy section */

/* Begin PBXFileReference section */
		BB0AF6CB2BBEB3B200EBBC55 /* exam02Se03.app */ = {isa = PBXFileReference; explicitFileType = wrapper.application; includeInIndex = 0; path = exam02Se03.app; sourceTree = BUILT_PRODUCTS_DIR; };
		BB0AF6CE2BBEB3B200EBBC55 /* AppDelegate.swift */ = {isa = PBXFileReference; lastKnownFileType = sourcecode.swift; path = AppDelegate.swift; sourceTree = "<group>"; };
		BB0AF6D02BBEB3B200EBBC55 /* SceneDelegate.swift */ = {isa = PBXFileReference; lastKnownFileType = sourcecode.swift; path = SceneDelegate.swift; sourceTree = "<group>"; };
		BB0AF6D22BBEB3B200EBBC55 /* ViewController.swift */ = {isa = PBXFileReference; lastKnownFileType = sourcecode.swift; path = ViewController.swift; sourceTree = "<group>"; };
		BB0AF6D52BBEB3B200EBBC55 /* Base */ = {isa = PBXFileReference; lastKnownFileType = file.storyboard; name = Base; path = Base.lproj/Main.storyboard; sourceTree = "<group>"; };
		BB0AF6D72BBEB3B300EBBC55 /* Assets.xcassets */ = {isa = PBXFileReference; lastKnownFileType = folder.assetcatalog; path = Assets.xcassets; sourceTree = "<group>"; };
		BB0AF6DA2BBEB3B300EBBC55 /* Base */ = {isa = PBXFileReference; lastKnownFileType = file.storyboard; name = Base; path = Base.lproj/LaunchScreen.storyboard; sourceTree = "<group>"; };
		BB0AF6DC2BBEB3B300EBBC55 /* Info.plist */ = {isa = PBXFileReference; lastKnownFileType = text.plist.xml; path = Info.plist; sourceTree = "<group>"; };
		BB0AF6E12BBEB3B400EBBC55 /* exam02Se03Tests.xctest */ = {isa = PBXFileReference; explicitFileType = wrapper.cfbundle; includeInIndex = 0; path = exam02Se03Tests.xctest; sourceTree = BUILT_PRODUCTS_DIR; };
		BB0AF6E52BBEB3B400EBBC55 /* exam02Se03Tests.swift */ = {isa = PBXFileReference; lastKnownFileType = sourcecode.swift; path = exam02Se03Tests.swift; sourceTree = "<group>"; };
		BB0AF6EB2BBEB3B400EBBC55 /* exam02Se03UITests.xctest */ = {isa = PBXFileReference; explicitFileType = wrapper.cfbundle; includeInIndex = 0; path = exam02Se03UITests.xctest; sourceTree = BUILT_PRODUCTS_DIR; };
		BB0AF6EF2BBEB3B400EBBC55 /* exam02Se03UITests.swift */ = {isa = PBXFileReference; lastKnownFileType = sourcecode.swift; path = exam02Se03UITests.swift; sourceTree = "<group>"; };
		BB0AF6F12BBEB3B400EBBC55 /* exam02Se03UITestsLaunchTests.swift */ = {isa = PBXFileReference; lastKnownFileType = sourcecode.swift; path = exam02Se03UITestsLaunchTests.swift; sourceTree = "<group>"; };
		BB0AF6FE2BBEBC7800EBBC55 /* HomeVC.swift */ = {isa = PBXFileReference; lastKnownFileType = sourcecode.swift; path = HomeVC.swift; sourceTree = "<group>"; };
		BB0AF7002BBEBC8F00EBBC55 /* ActionItemsTableVC.swift */ = {isa = PBXFileReference; lastKnownFileType = sourcecode.swift; path = ActionItemsTableVC.swift; sourceTree = "<group>"; };
		BB0AF7022BBEBCFC00EBBC55 /* Model.swift */ = {isa = PBXFileReference; fileEncoding = 4; lastKnownFileType = sourcecode.swift; path = Model.swift; sourceTree = "<group>"; };
		BB0AF7042BBEC3C700EBBC55 /* ActionCell.swift */ = {isa = PBXFileReference; lastKnownFileType = sourcecode.swift; path = ActionCell.swift; sourceTree = "<group>"; };
/* End PBXFileReference section */

/* Begin PBXFrameworksBuildPhase section */
		BB0AF6C82BBEB3B200EBBC55 /* Frameworks */ = {
			isa = PBXFrameworksBuildPhase;
			buildActionMask = 2147483647;
			files = (
			);
			runOnlyForDeploymentPostprocessing = 0;
		};
		BB0AF6DE2BBEB3B400EBBC55 /* Frameworks */ = {
			isa = PBXFrameworksBuildPhase;
			buildActionMask = 2147483647;
			files = (
			);
			runOnlyForDeploymentPostprocessing = 0;
		};
		BB0AF6E82BBEB3B400EBBC55 /* Frameworks */ = {
			isa = PBXFrameworksBuildPhase;
			buildActionMask = 2147483647;
			files = (
			);
			runOnlyForDeploymentPostprocessing = 0;
		};
/* End PBXFrameworksBuildPhase section */

/* Begin PBXGroup section */
		BB0AF6C22BBEB3B200EBBC55 = {
			isa = PBXGroup;
			children = (
				BB0AF6CD2BBEB3B200EBBC55 /* exam02Se03 */,
				BB0AF6E42BBEB3B400EBBC55 /* exam02Se03Tests */,
				BB0AF6EE2BBEB3B400EBBC55 /* exam02Se03UITests */,
				BB0AF6CC2BBEB3B200EBBC55 /* Products */,
			);
			sourceTree = "<group>";
		};
		BB0AF6CC2BBEB3B200EBBC55 /* Products */ = {
			isa = PBXGroup;
			children = (
				BB0AF6CB2BBEB3B200EBBC55 /* exam02Se03.app */,
				BB0AF6E12BBEB3B400EBBC55 /* exam02Se03Tests.xctest */,
				BB0AF6EB2BBEB3B400EBBC55 /* exam02Se03UITests.xctest */,
			);
			name = Products;
			sourceTree = "<group>";
		};
		BB0AF6CD2BBEB3B200EBBC55 /* exam02Se03 */ = {
			isa = PBXGroup;
			children = (
				BB0AF6CE2BBEB3B200EBBC55 /* AppDelegate.swift */,
				BB0AF6D02BBEB3B200EBBC55 /* SceneDelegate.swift */,
				BB0AF6D22BBEB3B200EBBC55 /* ViewController.swift */,
				BB0AF6D42BBEB3B200EBBC55 /* Main.storyboard */,
				BB0AF7042BBEC3C700EBBC55 /* ActionCell.swift */,
				BB0AF7022BBEBCFC00EBBC55 /* Model.swift */,
				BB0AF6FE2BBEBC7800EBBC55 /* HomeVC.swift */,
				BB0AF7002BBEBC8F00EBBC55 /* ActionItemsTableVC.swift */,
				BB0AF6D72BBEB3B300EBBC55 /* Assets.xcassets */,
				BB0AF6D92BBEB3B300EBBC55 /* LaunchScreen.storyboard */,
				BB0AF6DC2BBEB3B300EBBC55 /* Info.plist */,
			);
			path = exam02Se03;
			sourceTree = "<group>";
		};
		BB0AF6E42BBEB3B400EBBC55 /* exam02Se03Tests */ = {
			isa = PBXGroup;
			children = (
				BB0AF6E52BBEB3B400EBBC55 /* exam02Se03Tests.swift */,
			);
			path = exam02Se03Tests;
			sourceTree = "<group>";
		};
		BB0AF6EE2BBEB3B400EBBC55 /* exam02Se03UITests */ = {
			isa = PBXGroup;
			children = (
				BB0AF6EF2BBEB3B400EBBC55 /* exam02Se03UITests.swift */,
				BB0AF6F12BBEB3B400EBBC55 /* exam02Se03UITestsLaunchTests.swift */,
			);
			path = exam02Se03UITests;
			sourceTree = "<group>";
		};
/* End PBXGroup section */

/* Begin PBXNativeTarget section */
		BB0AF6CA2BBEB3B200EBBC55 /* exam02Se03 */ = {
			isa = PBXNativeTarget;
			buildConfigurationList = BB0AF6F52BBEB3B400EBBC55 /* Build configuration list for PBXNativeTarget "exam02Se03" */;
			buildPhases = (
				BB0AF6C72BBEB3B200EBBC55 /* Sources */,
				BB0AF6C82BBEB3B200EBBC55 /* Frameworks */,
				BB0AF6C92BBEB3B200EBBC55 /* Resources */,
			);
			buildRules = (
			);
			dependencies = (
			);
			name = exam02Se03;
			productName = exam02Se03;
			productReference = BB0AF6CB2BBEB3B200EBBC55 /* exam02Se03.app */;
			productType = "com.apple.product-type.application";
		};
		BB0AF6E02BBEB3B400EBBC55 /* exam02Se03Tests */ = {
			isa = PBXNativeTarget;
			buildConfigurationList = BB0AF6F82BBEB3B400EBBC55 /* Build configuration list for PBXNativeTarget "exam02Se03Tests" */;
			buildPhases = (
				BB0AF6DD2BBEB3B400EBBC55 /* Sources */,
				BB0AF6DE2BBEB3B400EBBC55 /* Frameworks */,
				BB0AF6DF2BBEB3B400EBBC55 /* Resources */,
			);
			buildRules = (
			);
			dependencies = (
				BB0AF6E32BBEB3B400EBBC55 /* PBXTargetDependency */,
			);
			name = exam02Se03Tests;
			productName = exam02Se03Tests;
			productReference = BB0AF6E12BBEB3B400EBBC55 /* exam02Se03Tests.xctest */;
			productType = "com.apple.product-type.bundle.unit-test";
		};
		BB0AF6EA2BBEB3B400EBBC55 /* exam02Se03UITests */ = {
			isa = PBXNativeTarget;
			buildConfigurationList = BB0AF6FB2BBEB3B400EBBC55 /* Build configuration list for PBXNativeTarget "exam02Se03UITests" */;
			buildPhases = (
				BB0AF6E72BBEB3B400EBBC55 /* Sources */,
				BB0AF6E82BBEB3B400EBBC55 /* Frameworks */,
				BB0AF6E92BBEB3B400EBBC55 /* Resources */,
			);
			buildRules = (
			);
			dependencies = (
				BB0AF6ED2BBEB3B400EBBC55 /* PBXTargetDependency */,
			);
			name = exam02Se03UITests;
			productName = exam02Se03UITests;
			productReference = BB0AF6EB2BBEB3B400EBBC55 /* exam02Se03UITests.xctest */;
			productType = "com.apple.product-type.bundle.ui-testing";
		};
/* End PBXNativeTarget section */

/* Begin PBXProject section */
		BB0AF6C32BBEB3B200EBBC55 /* Project object */ = {
			isa = PBXProject;
			attributes = {
				BuildIndependentTargetsInParallel = 1;
				LastSwiftUpdateCheck = 1520;
				LastUpgradeCheck = 1520;
				TargetAttributes = {
					BB0AF6CA2BBEB3B200EBBC55 = {
						CreatedOnToolsVersion = 15.2;
					};
					BB0AF6E02BBEB3B400EBBC55 = {
						CreatedOnToolsVersion = 15.2;
						TestTargetID = BB0AF6CA2BBEB3B200EBBC55;
					};
					BB0AF6EA2BBEB3B400EBBC55 = {
						CreatedOnToolsVersion = 15.2;
						TestTargetID = BB0AF6CA2BBEB3B200EBBC55;
					};
				};
			};
			buildConfigurationList = BB0AF6C62BBEB3B200EBBC55 /* Build configuration list for PBXProject "exam02Se03" */;
			compatibilityVersion = "Xcode 14.0";
			developmentRegion = en;
			hasScannedForEncodings = 0;
			knownRegions = (
				en,
				Base,
			);
			mainGroup = BB0AF6C22BBEB3B200EBBC55;
			productRefGroup = BB0AF6CC2BBEB3B200EBBC55 /* Products */;
			projectDirPath = "";
			projectRoot = "";
			targets = (
				BB0AF6CA2BBEB3B200EBBC55 /* exam02Se03 */,
				BB0AF6E02BBEB3B400EBBC55 /* exam02Se03Tests */,
				BB0AF6EA2BBEB3B400EBBC55 /* exam02Se03UITests */,
			);
		};
/* End PBXProject section */

/* Begin PBXResourcesBuildPhase section */
		BB0AF6C92BBEB3B200EBBC55 /* Resources */ = {
			isa = PBXResourcesBuildPhase;
			buildActionMask = 2147483647;
			files = (
				BB0AF6DB2BBEB3B300EBBC55 /* LaunchScreen.storyboard in Resources */,
				BB0AF6D82BBEB3B300EBBC55 /* Assets.xcassets in Resources */,
				BB0AF6D62BBEB3B200EBBC55 /* Main.storyboard in Resources */,
			);
			runOnlyForDeploymentPostprocessing = 0;
		};
		BB0AF6DF2BBEB3B400EBBC55 /* Resources */ = {
			isa = PBXResourcesBuildPhase;
			buildActionMask = 2147483647;
			files = (
			);
			runOnlyForDeploymentPostprocessing = 0;
		};
		BB0AF6E92BBEB3B400EBBC55 /* Resources */ = {
			isa = PBXResourcesBuildPhase;
			buildActionMask = 2147483647;
			files = (
			);
			runOnlyForDeploymentPostprocessing = 0;
		};
/* End PBXResourcesBuildPhase section */

/* Begin PBXSourcesBuildPhase section */
		BB0AF6C72BBEB3B200EBBC55 /* Sources */ = {
			isa = PBXSourcesBuildPhase;
			buildActionMask = 2147483647;
			files = (
				BB0AF6D32BBEB3B200EBBC55 /* ViewController.swift in Sources */,
				BB0AF6FF2BBEBC7800EBBC55 /* HomeVC.swift in Sources */,
				BB0AF7012BBEBC8F00EBBC55 /* ActionItemsTableVC.swift in Sources */,
				BB0AF7032BBEBCFC00EBBC55 /* Model.swift in Sources */,
				BB0AF6CF2BBEB3B200EBBC55 /* AppDelegate.swift in Sources */,
				BB0AF6D12BBEB3B200EBBC55 /* SceneDelegate.swift in Sources */,
				BB0AF7052BBEC3C700EBBC55 /* ActionCell.swift in Sources */,
			);
			runOnlyForDeploymentPostprocessing = 0;
		};
		BB0AF6DD2BBEB3B400EBBC55 /* Sources */ = {
			isa = PBXSourcesBuildPhase;
			buildActionMask = 2147483647;
			files = (
				BB0AF6E62BBEB3B400EBBC55 /* exam02Se03Tests.swift in Sources */,
			);
			runOnlyForDeploymentPostprocessing = 0;
		};
		BB0AF6E72BBEB3B400EBBC55 /* Sources */ = {
			isa = PBXSourcesBuildPhase;
			buildActionMask = 2147483647;
			files = (
				BB0AF6F22BBEB3B400EBBC55 /* exam02Se03UITestsLaunchTests.swift in Sources */,
				BB0AF6F02BBEB3B400EBBC55 /* exam02Se03UITests.swift in Sources */,
			);
			runOnlyForDeploymentPostprocessing = 0;
		};
/* End PBXSourcesBuildPhase section */

/* Begin PBXTargetDependency section */
		BB0AF6E32BBEB3B400EBBC55 /* PBXTargetDependency */ = {
			isa = PBXTargetDependency;
			target = BB0AF6CA2BBEB3B200EBBC55 /* exam02Se03 */;
			targetProxy = BB0AF6E22BBEB3B400EBBC55 /* PBXContainerItemProxy */;
		};
		BB0AF6ED2BBEB3B400EBBC55 /* PBXTargetDependency */ = {
			isa = PBXTargetDependency;
			target = BB0AF6CA2BBEB3B200EBBC55 /* exam02Se03 */;
			targetProxy = BB0AF6EC2BBEB3B400EBBC55 /* PBXContainerItemProxy */;
		};
/* End PBXTargetDependency section */

/* Begin PBXVariantGroup section */
		BB0AF6D42BBEB3B200EBBC55 /* Main.storyboard */ = {
			isa = PBXVariantGroup;
			children = (
				BB0AF6D52BBEB3B200EBBC55 /* Base */,
			);
			name = Main.storyboard;
			sourceTree = "<group>";
		};
		BB0AF6D92BBEB3B300EBBC55 /* LaunchScreen.storyboard */ = {
			isa = PBXVariantGroup;
			children = (
				BB0AF6DA2BBEB3B300EBBC55 /* Base */,
			);
			name = LaunchScreen.storyboard;
			sourceTree = "<group>";
		};
/* End PBXVariantGroup section */

/* Begin XCBuildConfiguration section */
		BB0AF6F32BBEB3B400EBBC55 /* Debug */ = {
			isa = XCBuildConfiguration;
			buildSettings = {
				ALWAYS_SEARCH_USER_PATHS = NO;
				ASSETCATALOG_COMPILER_GENERATE_SWIFT_ASSET_SYMBOL_EXTENSIONS = YES;
				CLANG_ANALYZER_NONNULL = YES;
				CLANG_ANALYZER_NUMBER_OBJECT_CONVERSION = YES_AGGRESSIVE;
				CLANG_CXX_LANGUAGE_STANDARD = "gnu++20";
				CLANG_ENABLE_MODULES = YES;
				CLANG_ENABLE_OBJC_ARC = YES;
				CLANG_ENABLE_OBJC_WEAK = YES;
				CLANG_WARN_BLOCK_CAPTURE_AUTORELEASING = YES;
				CLANG_WARN_BOOL_CONVERSION = YES;
				CLANG_WARN_COMMA = YES;
				CLANG_WARN_CONSTANT_CONVERSION = YES;
				CLANG_WARN_DEPRECATED_OBJC_IMPLEMENTATIONS = YES;
				CLANG_WARN_DIRECT_OBJC_ISA_USAGE = YES_ERROR;
				CLANG_WARN_DOCUMENTATION_COMMENTS = YES;
				CLANG_WARN_EMPTY_BODY = YES;
				CLANG_WARN_ENUM_CONVERSION = YES;
				CLANG_WARN_INFINITE_RECURSION = YES;
				CLANG_WARN_INT_CONVERSION = YES;
				CLANG_WARN_NON_LITERAL_NULL_CONVERSION = YES;
				CLANG_WARN_OBJC_IMPLICIT_RETAIN_SELF = YES;
				CLANG_WARN_OBJC_LITERAL_CONVERSION = YES;
				CLANG_WARN_OBJC_ROOT_CLASS = YES_ERROR;
				CLANG_WARN_QUOTED_INCLUDE_IN_FRAMEWORK_HEADER = YES;
				CLANG_WARN_RANGE_LOOP_ANALYSIS = YES;
				CLANG_WARN_STRICT_PROTOTYPES = YES;
				CLANG_WARN_SUSPICIOUS_MOVE = YES;
				CLANG_WARN_UNGUARDED_AVAILABILITY = YES_AGGRESSIVE;
				CLANG_WARN_UNREACHABLE_CODE = YES;
				CLANG_WARN__DUPLICATE_METHOD_MATCH = YES;
				COPY_PHASE_STRIP = NO;
				DEBUG_INFORMATION_FORMAT = dwarf;
				ENABLE_STRICT_OBJC_MSGSEND = YES;
				ENABLE_TESTABILITY = YES;
				ENABLE_USER_SCRIPT_SANDBOXING = YES;
				GCC_C_LANGUAGE_STANDARD = gnu17;
				GCC_DYNAMIC_NO_PIC = NO;
				GCC_NO_COMMON_BLOCKS = YES;
				GCC_OPTIMIZATION_LEVEL = 0;
				GCC_PREPROCESSOR_DEFINITIONS = (
					"DEBUG=1",
					"$(inherited)",
				);
				GCC_WARN_64_TO_32_BIT_CONVERSION = YES;
				GCC_WARN_ABOUT_RETURN_TYPE = YES_ERROR;
				GCC_WARN_UNDECLARED_SELECTOR = YES;
				GCC_WARN_UNINITIALIZED_AUTOS = YES_AGGRESSIVE;
				GCC_WARN_UNUSED_FUNCTION = YES;
				GCC_WARN_UNUSED_VARIABLE = YES;
				IPHONEOS_DEPLOYMENT_TARGET = 17.2;
				LOCALIZATION_PREFERS_STRING_CATALOGS = YES;
				MTL_ENABLE_DEBUG_INFO = INCLUDE_SOURCE;
				MTL_FAST_MATH = YES;
				ONLY_ACTIVE_ARCH = YES;
				SDKROOT = iphoneos;
				SWIFT_ACTIVE_COMPILATION_CONDITIONS = "DEBUG $(inherited)";
				SWIFT_OPTIMIZATION_LEVEL = "-Onone";
			};
			name = Debug;
		};
		BB0AF6F42BBEB3B400EBBC55 /* Release */ = {
			isa = XCBuildConfiguration;
			buildSettings = {
				ALWAYS_SEARCH_USER_PATHS = NO;
				ASSETCATALOG_COMPILER_GENERATE_SWIFT_ASSET_SYMBOL_EXTENSIONS = YES;
				CLANG_ANALYZER_NONNULL = YES;
				CLANG_ANALYZER_NUMBER_OBJECT_CONVERSION = YES_AGGRESSIVE;
				CLANG_CXX_LANGUAGE_STANDARD = "gnu++20";
				CLANG_ENABLE_MODULES = YES;
				CLANG_ENABLE_OBJC_ARC = YES;
				CLANG_ENABLE_OBJC_WEAK = YES;
				CLANG_WARN_BLOCK_CAPTURE_AUTORELEASING = YES;
				CLANG_WARN_BOOL_CONVERSION = YES;
				CLANG_WARN_COMMA = YES;
				CLANG_WARN_CONSTANT_CONVERSION = YES;
				CLANG_WARN_DEPRECATED_OBJC_IMPLEMENTATIONS = YES;
				CLANG_WARN_DIRECT_OBJC_ISA_USAGE = YES_ERROR;
				CLANG_WARN_DOCUMENTATION_COMMENTS = YES;
				CLANG_WARN_EMPTY_BODY = YES;
				CLANG_WARN_ENUM_CONVERSION = YES;
				CLANG_WARN_INFINITE_RECURSION = YES;
				CLANG_WARN_INT_CONVERSION = YES;
				CLANG_WARN_NON_LITERAL_NULL_CONVERSION = YES;
				CLANG_WARN_OBJC_IMPLICIT_RETAIN_SELF = YES;
				CLANG_WARN_OBJC_LITERAL_CONVERSION = YES;
				CLANG_WARN_OBJC_ROOT_CLASS = YES_ERROR;
				CLANG_WARN_QUOTED_INCLUDE_IN_FRAMEWORK_HEADER = YES;
				CLANG_WARN_RANGE_LOOP_ANALYSIS = YES;
				CLANG_WARN_STRICT_PROTOTYPES = YES;
				CLANG_WARN_SUSPICIOUS_MOVE = YES;
				CLANG_WARN_UNGUARDED_AVAILABILITY = YES_AGGRESSIVE;
				CLANG_WARN_UNREACHABLE_CODE = YES;
				CLANG_WARN__DUPLICATE_METHOD_MATCH = YES;
				COPY_PHASE_STRIP = NO;
				DEBUG_INFORMATION_FORMAT = "dwarf-with-dsym";
				ENABLE_NS_ASSERTIONS = NO;
				ENABLE_STRICT_OBJC_MSGSEND = YES;
				ENABLE_USER_SCRIPT_SANDBOXING = YES;
				GCC_C_LANGUAGE_STANDARD = gnu17;
				GCC_NO_COMMON_BLOCKS = YES;
				GCC_WARN_64_TO_32_BIT_CONVERSION = YES;
				GCC_WARN_ABOUT_RETURN_TYPE = YES_ERROR;
				GCC_WARN_UNDECLARED_SELECTOR = YES;
				GCC_WARN_UNINITIALIZED_AUTOS = YES_AGGRESSIVE;
				GCC_WARN_UNUSED_FUNCTION = YES;
				GCC_WARN_UNUSED_VARIABLE = YES;
				IPHONEOS_DEPLOYMENT_TARGET = 17.2;
				LOCALIZATION_PREFERS_STRING_CATALOGS = YES;
				MTL_ENABLE_DEBUG_INFO = NO;
				MTL_FAST_MATH = YES;
				SDKROOT = iphoneos;
				SWIFT_COMPILATION_MODE = wholemodule;
				VALIDATE_PRODUCT = YES;
			};
			name = Release;
		};
		BB0AF6F62BBEB3B400EBBC55 /* Debug */ = {
			isa = XCBuildConfiguration;
			buildSettings = {
				ASSETCATALOG_COMPILER_APPICON_NAME = AppIcon;
				ASSETCATALOG_COMPILER_GLOBAL_ACCENT_COLOR_NAME = AccentColor;
				CODE_SIGN_STYLE = Automatic;
				CURRENT_PROJECT_VERSION = 1;
				GENERATE_INFOPLIST_FILE = YES;
				INFOPLIST_FILE = exam02Se03/Info.plist;
				INFOPLIST_KEY_UIApplicationSupportsIndirectInputEvents = YES;
				INFOPLIST_KEY_UILaunchStoryboardName = LaunchScreen;
				INFOPLIST_KEY_UIMainStoryboardFile = Main;
				INFOPLIST_KEY_UISupportedInterfaceOrientations_iPad = "UIInterfaceOrientationPortrait UIInterfaceOrientationPortraitUpsideDown UIInterfaceOrientationLandscapeLeft UIInterfaceOrientationLandscapeRight";
				INFOPLIST_KEY_UISupportedInterfaceOrientations_iPhone = "UIInterfaceOrientationPortrait UIInterfaceOrientationLandscapeLeft UIInterfaceOrientationLandscapeRight";
				LD_RUNPATH_SEARCH_PATHS = (
					"$(inherited)",
					"@executable_path/Frameworks",
				);
				MARKETING_VERSION = 1.0;
				PRODUCT_BUNDLE_IDENTIFIER = edu.nwmissouri.spring24.cs44643.sec04.exam02Se03;
				PRODUCT_NAME = "$(TARGET_NAME)";
				SWIFT_EMIT_LOC_STRINGS = YES;
				SWIFT_VERSION = 5.0;
				TARGETED_DEVICE_FAMILY = "1,2";
			};
			name = Debug;
		};
		BB0AF6F72BBEB3B400EBBC55 /* Release */ = {
			isa = XCBuildConfiguration;
			buildSettings = {
				ASSETCATALOG_COMPILER_APPICON_NAME = AppIcon;
				ASSETCATALOG_COMPILER_GLOBAL_ACCENT_COLOR_NAME = AccentColor;
				CODE_SIGN_STYLE = Automatic;
				CURRENT_PROJECT_VERSION = 1;
				GENERATE_INFOPLIST_FILE = YES;
				INFOPLIST_FILE = exam02Se03/Info.plist;
				INFOPLIST_KEY_UIApplicationSupportsIndirectInputEvents = YES;
				INFOPLIST_KEY_UILaunchStoryboardName = LaunchScreen;
				INFOPLIST_KEY_UIMainStoryboardFile = Main;
				INFOPLIST_KEY_UISupportedInterfaceOrientations_iPad = "UIInterfaceOrientationPortrait UIInterfaceOrientationPortraitUpsideDown UIInterfaceOrientationLandscapeLeft UIInterfaceOrientationLandscapeRight";
				INFOPLIST_KEY_UISupportedInterfaceOrientations_iPhone = "UIInterfaceOrientationPortrait UIInterfaceOrientationLandscapeLeft UIInterfaceOrientationLandscapeRight";
				LD_RUNPATH_SEARCH_PATHS = (
					"$(inherited)",
					"@executable_path/Frameworks",
				);
				MARKETING_VERSION = 1.0;
				PRODUCT_BUNDLE_IDENTIFIER = edu.nwmissouri.spring24.cs44643.sec04.exam02Se03;
				PRODUCT_NAME = "$(TARGET_NAME)";
				SWIFT_EMIT_LOC_STRINGS = YES;
				SWIFT_VERSION = 5.0;
				TARGETED_DEVICE_FAMILY = "1,2";
			};
			name = Release;
		};
		BB0AF6F92BBEB3B400EBBC55 /* Debug */ = {
			isa = XCBuildConfiguration;
			buildSettings = {
				ALWAYS_EMBED_SWIFT_STANDARD_LIBRARIES = YES;
				BUNDLE_LOADER = "$(TEST_HOST)";
				CODE_SIGN_STYLE = Automatic;
				CURRENT_PROJECT_VERSION = 1;
				GENERATE_INFOPLIST_FILE = YES;
				IPHONEOS_DEPLOYMENT_TARGET = 17.2;
				MARKETING_VERSION = 1.0;
				PRODUCT_BUNDLE_IDENTIFIER = edu.nwmissouri.spring24.cs44643.sec04.exam02Se03Tests;
				PRODUCT_NAME = "$(TARGET_NAME)";
				SWIFT_EMIT_LOC_STRINGS = NO;
				SWIFT_VERSION = 5.0;
				TARGETED_DEVICE_FAMILY = "1,2";
				TEST_HOST = "$(BUILT_PRODUCTS_DIR)/exam02Se03.app/$(BUNDLE_EXECUTABLE_FOLDER_PATH)/exam02Se03";
			};
			name = Debug;
		};
		BB0AF6FA2BBEB3B400EBBC55 /* Release */ = {
			isa = XCBuildConfiguration;
			buildSettings = {
				ALWAYS_EMBED_SWIFT_STANDARD_LIBRARIES = YES;
				BUNDLE_LOADER = "$(TEST_HOST)";
				CODE_SIGN_STYLE = Automatic;
				CURRENT_PROJECT_VERSION = 1;
				GENERATE_INFOPLIST_FILE = YES;
				IPHONEOS_DEPLOYMENT_TARGET = 17.2;
				MARKETING_VERSION = 1.0;
				PRODUCT_BUNDLE_IDENTIFIER = edu.nwmissouri.spring24.cs44643.sec04.exam02Se03Tests;
				PRODUCT_NAME = "$(TARGET_NAME)";
				SWIFT_EMIT_LOC_STRINGS = NO;
				SWIFT_VERSION = 5.0;
				TARGETED_DEVICE_FAMILY = "1,2";
				TEST_HOST = "$(BUILT_PRODUCTS_DIR)/exam02Se03.app/$(BUNDLE_EXECUTABLE_FOLDER_PATH)/exam02Se03";
			};
			name = Release;
		};
		BB0AF6FC2BBEB3B400EBBC55 /* Debug */ = {
			isa = XCBuildConfiguration;
			buildSettings = {
				ALWAYS_EMBED_SWIFT_STANDARD_LIBRARIES = YES;
				CODE_SIGN_STYLE = Automatic;
				CURRENT_PROJECT_VERSION = 1;
				GENERATE_INFOPLIST_FILE = YES;
				MARKETING_VERSION = 1.0;
				PRODUCT_BUNDLE_IDENTIFIER = edu.nwmissouri.spring24.cs44643.sec04.exam02Se03UITests;
				PRODUCT_NAME = "$(TARGET_NAME)";
				SWIFT_EMIT_LOC_STRINGS = NO;
				SWIFT_VERSION = 5.0;
				TARGETED_DEVICE_FAMILY = "1,2";
				TEST_TARGET_NAME = exam02Se03;
			};
			name = Debug;
		};
		BB0AF6FD2BBEB3B400EBBC55 /* Release */ = {
			isa = XCBuildConfiguration;
			buildSettings = {
				ALWAYS_EMBED_SWIFT_STANDARD_LIBRARIES = YES;
				CODE_SIGN_STYLE = Automatic;
				CURRENT_PROJECT_VERSION = 1;
				GENERATE_INFOPLIST_FILE = YES;
				MARKETING_VERSION = 1.0;
				PRODUCT_BUNDLE_IDENTIFIER = edu.nwmissouri.spring24.cs44643.sec04.exam02Se03UITests;
				PRODUCT_NAME = "$(TARGET_NAME)";
				SWIFT_EMIT_LOC_STRINGS = NO;
				SWIFT_VERSION = 5.0;
				TARGETED_DEVICE_FAMILY = "1,2";
				TEST_TARGET_NAME = exam02Se03;
			};
			name = Release;
		};
/* End XCBuildConfiguration section */

/* Begin XCConfigurationList section */
		BB0AF6C62BBEB3B200EBBC55 /* Build configuration list for PBXProject "exam02Se03" */ = {
			isa = XCConfigurationList;
			buildConfigurations = (
				BB0AF6F32BBEB3B400EBBC55 /* Debug */,
				BB0AF6F42BBEB3B400EBBC55 /* Release */,
			);
			defaultConfigurationIsVisible = 0;
			defaultConfigurationName = Release;
		};
		BB0AF6F52BBEB3B400EBBC55 /* Build configuration list for PBXNativeTarget "exam02Se03" */ = {
			isa = XCConfigurationList;
			buildConfigurations = (
				BB0AF6F62BBEB3B400EBBC55 /* Debug */,
				BB0AF6F72BBEB3B400EBBC55 /* Release */,
			);
			defaultConfigurationIsVisible = 0;
			defaultConfigurationName = Release;
		};
		BB0AF6F82BBEB3B400EBBC55 /* Build configuration list for PBXNativeTarget "exam02Se03Tests" */ = {
			isa = XCConfigurationList;
			buildConfigurations = (
				BB0AF6F92BBEB3B400EBBC55 /* Debug */,
				BB0AF6FA2BBEB3B400EBBC55 /* Release */,
			);
			defaultConfigurationIsVisible = 0;
			defaultConfigurationName = Release;
		};
		BB0AF6FB2BBEB3B400EBBC55 /* Build configuration list for PBXNativeTarget "exam02Se03UITests" */ = {
			isa = XCConfigurationList;
			buildConfigurations = (
				BB0AF6FC2BBEB3B400EBBC55 /* Debug */,
				BB0AF6FD2BBEB3B400EBBC55 /* Release */,
			);
			defaultConfigurationIsVisible = 0;
			defaultConfigurationName = Release;
		};
/* End XCConfigurationList section */
	};
	rootObject = BB0AF6C32BBEB3B200EBBC55 /* Project object */;
}
